
Microsoft Visual Studio Solution File, Format Version 12.00
# Visual Studio Version 17
VisualStudioVersion = 17.9.34622.214
MinimumVisualStudioVersion = 10.0.40219.1
Project("{FAE04EC0-301F-11D3-BF4B-00C04F79EFBC}") = "WindowsFormsApp1", "WindowsFormsApp1\WindowsFormsApp1.csproj", "{4D0B9E97-A4DB-4D92-84A3-2C634D2A137B}"
EndProject
Global
	GlobalSection(SolutionConfigurationPlatforms) = preSolution
		Debug|Any CPU = Debug|Any CPU
		Release|Any CPU = Release|Any CPU
	EndGlobalSection
	GlobalSection(ProjectConfigurationPlatforms) = postSolution
		{4D0B9E97-A4DB-4D92-84A3-2C634D2A137B}.Debug|Any CPU.ActiveCfg = Debug|Any CPU
		{4D0B9E97-A4DB-4D92-84A3-2C634D2A137B}.Debug|Any CPU.Build.0 = Debug|Any CPU
		{4D0B9E97-A4DB-4D92-84A3-2C634D2A137B}.Release|Any CPU.ActiveCfg = Release|Any CPU
		{4D0B9E97-A4DB-4D92-84A3-2C634D2A137B}.Release|Any CPU.Build.0 = Release|Any CPU
	EndGlobalSection
	GlobalSection(SolutionProperties) = preSolution
		HideSolutionNode = FALSE
	EndGlobalSection
	GlobalSection(ExtensibilityGlobals) = postSolution
		SolutionGuid = {2E484718-A0AB-42E1-AAF5-16F2082A5EF9}
	EndGlobalSection
EndGlobal
